
Microsoft Visual Studio Solution File, Format Version 12.00
# Visual Studio Version 16
VisualStudioVersion = 16.0.31019.35
MinimumVisualStudioVersion = 10.0.40219.1
Project("{8BC9CEB8-8B4A-11D0-8D11-00A0C91BC942}") = "TestApp", "TestApp\TestApp.vcxproj", "{38E731B1-5F11-4B51-9DF3-266D9A573202}"
EndProject
Project("{8BC9CEB8-8B4A-11D0-8D11-00A0C91BC942}") = "MiniSTL", "MiniSTL\MiniSTL.vcxproj", "{CC83FE65-DD4F-4659-850C-72F0AD894908}"
EndProject
Global
	GlobalSection(SolutionConfigurationPlatforms) = preSolution
		Debug|x64 = Debug|x64
		Debug|x86 = Debug|x86
		Release|x64 = Release|x64
		Release|x86 = Release|x86
	EndGlobalSection
	GlobalSection(ProjectConfigurationPlatforms) = postSolution
		{38E731B1-5F11-4B51-9DF3-266D9A573202}.Debug|x64.ActiveCfg = Debug|x64
		{38E731B1-5F11-4B51-9DF3-266D9A573202}.Debug|x64.Build.0 = Debug|x64
		{38E731B1-5F11-4B51-9DF3-266D9A573202}.Debug|x86.ActiveCfg = Debug|Win32
		{38E731B1-5F11-4B51-9DF3-266D9A573202}.Debug|x86.Build.0 = Debug|Win32
		{38E731B1-5F11-4B51-9DF3-266D9A573202}.Release|x64.ActiveCfg = Release|x64
		{38E731B1-5F11-4B51-9DF3-266D9A573202}.Release|x64.Build.0 = Release|x64
		{38E731B1-5F11-4B51-9DF3-266D9A573202}.Release|x86.ActiveCfg = Release|Win32
		{38E731B1-5F11-4B51-9DF3-266D9A573202}.Release|x86.Build.0 = Release|Win32
		{CC83FE65-DD4F-4659-850C-72F0AD894908}.Debug|x64.ActiveCfg = Debug|x64
		{CC83FE65-DD4F-4659-850C-72F0AD894908}.Debug|x64.Build.0 = Debug|x64
		{CC83FE65-DD4F-4659-850C-72F0AD894908}.Debug|x86.ActiveCfg = Debug|Win32
		{CC83FE65-DD4F-4659-850C-72F0AD894908}.Debug|x86.Build.0 = Debug|Win32
		{CC83FE65-DD4F-4659-850C-72F0AD894908}.Release|x64.ActiveCfg = Release|x64
		{CC83FE65-DD4F-4659-850C-72F0AD894908}.Release|x64.Build.0 = Release|x64
		{CC83FE65-DD4F-4659-850C-72F0AD894908}.Release|x86.ActiveCfg = Release|Win32
		{CC83FE65-DD4F-4659-850C-72F0AD894908}.Release|x86.Build.0 = Release|Win32
	EndGlobalSection
	GlobalSection(SolutionProperties) = preSolution
		HideSolutionNode = FALSE
	EndGlobalSection
	GlobalSection(ExtensibilityGlobals) = postSolution
		SolutionGuid = {D27389B5-91A3-4414-A0B9-915FA33BC4C8}
	EndGlobalSection
EndGlobal
